
Microsoft Visual Studio Solution File, Format Version 11.00
# Visual Studio 2010
Project("{FAE04EC0-301F-11D3-BF4B-00C04F79EFBC}") = "Common", "Common\Common.csproj", "{A558FE40-1F9A-4C07-A8E7-C7C2DA3BB294}"
EndProject
Project("{FAE04EC0-301F-11D3-BF4B-00C04F79EFBC}") = "DemoBlink1", "DemoBlink1\DemoBlink1.csproj", "{5C1E2549-08FB-4227-8B18-3C91127C572B}"
EndProject
Project("{FAE04EC0-301F-11D3-BF4B-00C04F79EFBC}") = "DemoLed1", "DemoLed1\DemoLed1.csproj", "{01FFA824-81BC-44E0-AD13-7C1831989104}"
EndProject
Project("{FAE04EC0-301F-11D3-BF4B-00C04F79EFBC}") = "DemoDS18B20", "DemoDS18B20\DemoDS18B20.csproj", "{02A101F3-C31D-4389-914B-189D85F53659}"
EndProject
Project("{FAE04EC0-301F-11D3-BF4B-00C04F79EFBC}") = "DemoLcd", "DemoLcd\DemoLcd.csproj", "{82FBC1A8-2DC6-414A-9FA0-46E78FA2124C}"
EndProject
Project("{FAE04EC0-301F-11D3-BF4B-00C04F79EFBC}") = "DemoDS1307", "DemoDS1307\DemoDS1307.csproj", "{799B9BE5-CB3E-4247-8EC8-1A4536B96E7B}"
EndProject
Project("{FAE04EC0-301F-11D3-BF4B-00C04F79EFBC}") = "DemoIRReceiver", "DemoIRReceiver\DemoIRReceiver.csproj", "{5AA47ABA-9FB3-4D31-A091-6550ACF2EBA6}"
EndProject
Project("{FAE04EC0-301F-11D3-BF4B-00C04F79EFBC}") = "DemoIRReceiverRC5", "DemoIRReceiverRC5\DemoIRReceiverRC5.csproj", "{13A17339-8DA5-4336-A80C-537D57D69DB6}"
EndProject
Project("{FAE04EC0-301F-11D3-BF4B-00C04F79EFBC}") = "DemoDS1307Init", "DemoDS1307Init\DemoDS1307Init.csproj", "{348C5615-093A-482B-8007-5DDA4A3A5CFE}"
EndProject
Project("{FAE04EC0-301F-11D3-BF4B-00C04F79EFBC}") = "DemoHardwareInfo", "DemoHardwareInfo\DemoHardwareInfo.csproj", "{F9E17208-BAD2-404F-851A-F2DEC2621025}"
EndProject
Project("{FAE04EC0-301F-11D3-BF4B-00C04F79EFBC}") = "DemoSDCard1", "DemoSDCard1\DemoSDCard1.csproj", "{AE030713-F2AD-49FB-8FAB-FA331F97717C}"
EndProject
Project("{FAE04EC0-301F-11D3-BF4B-00C04F79EFBC}") = "DemoPwm", "DemoPwm\DemoPwm.csproj", "{E55290FF-1921-4929-8E59-137601B4363B}"
EndProject
Project("{FAE04EC0-301F-11D3-BF4B-00C04F79EFBC}") = "DemoPwmSound", "DemoPwmSound\DemoPwmSound.csproj", "{BF08E381-938F-44CF-A9AA-665E69F81144}"
EndProject
Project("{FAE04EC0-301F-11D3-BF4B-00C04F79EFBC}") = "DemoEnc28J60mIP_HttpReq", "DemoEnc28J60mIP_HttpReq\DemoEnc28J60mIP_HttpReq.csproj", "{6AA3005B-2DCC-412C-8258-633557FAF6C5}"
EndProject
Project("{FAE04EC0-301F-11D3-BF4B-00C04F79EFBC}") = "DemoEnc28J60mIP_WebSrv", "DemoEnc28J60mIP_WebSrv\DemoEnc28J60mIP_WebSrv.csproj", "{56CD798A-2DA4-4CA7-B2DA-61F98F2BB6A1}"
EndProject
Project("{FAE04EC0-301F-11D3-BF4B-00C04F79EFBC}") = "DemoHCSR04", "DemoHCSR04\DemoHCSR04.csproj", "{A3E227EF-F20C-4FEA-BCB7-A70E3F1596A4}"
EndProject
Project("{FAE04EC0-301F-11D3-BF4B-00C04F79EFBC}") = "DemoAnalogInput", "DemoAnalogInput\DemoAnalogInput.csproj", "{5E3E03A4-FFEB-4461-9A23-0E37A448E41C}"
EndProject
Project("{FAE04EC0-301F-11D3-BF4B-00C04F79EFBC}") = "DemoLM15SGFNZ07Managed", "DemoLM15SGFNZ07Managed\DemoLM15SGFNZ07Managed.csproj", "{9E181DBC-DD28-46E3-B4DA-6696F1EDAB12}"
EndProject
Project("{FAE04EC0-301F-11D3-BF4B-00C04F79EFBC}") = "DemoLM15SGFNZ07Driver", "DemoLM15SGFNZ07Driver\DemoLM15SGFNZ07Driver.csproj", "{878D49F7-E4A0-44C0-8E9F-1DF781223EBB}"
EndProject
Project("{2150E333-8FDC-42A3-9474-1A3956D46DE8}") = "Desktop", "Desktop", "{7C662AD6-88E7-4B8F-98AD-83307D321A38}"
EndProject
Project("{FAE04EC0-301F-11D3-BF4B-00C04F79EFBC}") = "DemoBTHC05", "DemoBTHC05\DemoBTHC05.csproj", "{9BF42758-1FEE-4A51-9523-4DE2A3D4990E}"
EndProject
Project("{FAE04EC0-301F-11D3-BF4B-00C04F79EFBC}") = "SerialController", "_Desktop\SerialController\SerialController.csproj", "{18B0A748-71D9-4EBC-92D5-E853E903077A}"
EndProject
Project("{FAE04EC0-301F-11D3-BF4B-00C04F79EFBC}") = "DemoLIS302DL", "DemoLIS302DL\DemoLIS302DL.csproj", "{FB7DC3A5-75CD-41D0-BDE2-0549A8AD68BE}"
EndProject
Global
	GlobalSection(SolutionConfigurationPlatforms) = preSolution
		Debug|Any CPU = Debug|Any CPU
		Debug|Mixed Platforms = Debug|Mixed Platforms
		Debug|x86 = Debug|x86
		Release|Any CPU = Release|Any CPU
		Release|Mixed Platforms = Release|Mixed Platforms
		Release|x86 = Release|x86
	EndGlobalSection
	GlobalSection(ProjectConfigurationPlatforms) = postSolution
		{A558FE40-1F9A-4C07-A8E7-C7C2DA3BB294}.Debug|Any CPU.ActiveCfg = Debug|Any CPU
		{A558FE40-1F9A-4C07-A8E7-C7C2DA3BB294}.Debug|Any CPU.Build.0 = Debug|Any CPU
		{A558FE40-1F9A-4C07-A8E7-C7C2DA3BB294}.Debug|Any CPU.Deploy.0 = Debug|Any CPU
		{A558FE40-1F9A-4C07-A8E7-C7C2DA3BB294}.Debug|Mixed Platforms.ActiveCfg = Debug|Any CPU
		{A558FE40-1F9A-4C07-A8E7-C7C2DA3BB294}.Debug|Mixed Platforms.Build.0 = Debug|Any CPU
		{A558FE40-1F9A-4C07-A8E7-C7C2DA3BB294}.Debug|x86.ActiveCfg = Debug|Any CPU
		{A558FE40-1F9A-4C07-A8E7-C7C2DA3BB294}.Release|Any CPU.ActiveCfg = Release|Any CPU
		{A558FE40-1F9A-4C07-A8E7-C7C2DA3BB294}.Release|Any CPU.Build.0 = Release|Any CPU
		{A558FE40-1F9A-4C07-A8E7-C7C2DA3BB294}.Release|Any CPU.Deploy.0 = Release|Any CPU
		{A558FE40-1F9A-4C07-A8E7-C7C2DA3BB294}.Release|Mixed Platforms.ActiveCfg = Release|Any CPU
		{A558FE40-1F9A-4C07-A8E7-C7C2DA3BB294}.Release|Mixed Platforms.Build.0 = Release|Any CPU
		{A558FE40-1F9A-4C07-A8E7-C7C2DA3BB294}.Release|x86.ActiveCfg = Release|Any CPU
		{5C1E2549-08FB-4227-8B18-3C91127C572B}.Debug|Any CPU.ActiveCfg = Debug|Any CPU
		{5C1E2549-08FB-4227-8B18-3C91127C572B}.Debug|Any CPU.Build.0 = Debug|Any CPU
		{5C1E2549-08FB-4227-8B18-3C91127C572B}.Debug|Any CPU.Deploy.0 = Debug|Any CPU
		{5C1E2549-08FB-4227-8B18-3C91127C572B}.Debug|Mixed Platforms.ActiveCfg = Debug|Any CPU
		{5C1E2549-08FB-4227-8B18-3C91127C572B}.Debug|Mixed Platforms.Build.0 = Debug|Any CPU
		{5C1E2549-08FB-4227-8B18-3C91127C572B}.Debug|Mixed Platforms.Deploy.0 = Debug|Any CPU
		{5C1E2549-08FB-4227-8B18-3C91127C572B}.Debug|x86.ActiveCfg = Debug|Any CPU
		{5C1E2549-08FB-4227-8B18-3C91127C572B}.Release|Any CPU.ActiveCfg = Release|Any CPU
		{5C1E2549-08FB-4227-8B18-3C91127C572B}.Release|Any CPU.Build.0 = Release|Any CPU
		{5C1E2549-08FB-4227-8B18-3C91127C572B}.Release|Any CPU.Deploy.0 = Release|Any CPU
		{5C1E2549-08FB-4227-8B18-3C91127C572B}.Release|Mixed Platforms.ActiveCfg = Release|Any CPU
		{5C1E2549-08FB-4227-8B18-3C91127C572B}.Release|Mixed Platforms.Build.0 = Release|Any CPU
		{5C1E2549-08FB-4227-8B18-3C91127C572B}.Release|Mixed Platforms.Deploy.0 = Release|Any CPU
		{5C1E2549-08FB-4227-8B18-3C91127C572B}.Release|x86.ActiveCfg = Release|Any CPU
		{01FFA824-81BC-44E0-AD13-7C1831989104}.Debug|Any CPU.ActiveCfg = Debug|Any CPU
		{01FFA824-81BC-44E0-AD13-7C1831989104}.Debug|Any CPU.Build.0 = Debug|Any CPU
		{01FFA824-81BC-44E0-AD13-7C1831989104}.Debug|Any CPU.Deploy.0 = Debug|Any CPU
		{01FFA824-81BC-44E0-AD13-7C1831989104}.Debug|Mixed Platforms.ActiveCfg = Debug|Any CPU
		{01FFA824-81BC-44E0-AD13-7C1831989104}.Debug|Mixed Platforms.Build.0 = Debug|Any CPU
		{01FFA824-81BC-44E0-AD13-7C1831989104}.Debug|Mixed Platforms.Deploy.0 = Debug|Any CPU
		{01FFA824-81BC-44E0-AD13-7C1831989104}.Debug|x86.ActiveCfg = Debug|Any CPU
		{01FFA824-81BC-44E0-AD13-7C1831989104}.Release|Any CPU.ActiveCfg = Release|Any CPU
		{01FFA824-81BC-44E0-AD13-7C1831989104}.Release|Any CPU.Build.0 = Release|Any CPU
		{01FFA824-81BC-44E0-AD13-7C1831989104}.Release|Any CPU.Deploy.0 = Release|Any CPU
		{01FFA824-81BC-44E0-AD13-7C1831989104}.Release|Mixed Platforms.ActiveCfg = Release|Any CPU
		{01FFA824-81BC-44E0-AD13-7C1831989104}.Release|Mixed Platforms.Build.0 = Release|Any CPU
		{01FFA824-81BC-44E0-AD13-7C1831989104}.Release|Mixed Platforms.Deploy.0 = Release|Any CPU
		{01FFA824-81BC-44E0-AD13-7C1831989104}.Release|x86.ActiveCfg = Release|Any CPU
		{02A101F3-C31D-4389-914B-189D85F53659}.Debug|Any CPU.ActiveCfg = Debug|Any CPU
		{02A101F3-C31D-4389-914B-189D85F53659}.Debug|Any CPU.Build.0 = Debug|Any CPU
		{02A101F3-C31D-4389-914B-189D85F53659}.Debug|Any CPU.Deploy.0 = Debug|Any CPU
		{02A101F3-C31D-4389-914B-189D85F53659}.Debug|Mixed Platforms.ActiveCfg = Debug|Any CPU
		{02A101F3-C31D-4389-914B-189D85F53659}.Debug|Mixed Platforms.Build.0 = Debug|Any CPU
		{02A101F3-C31D-4389-914B-189D85F53659}.Debug|Mixed Platforms.Deploy.0 = Debug|Any CPU
		{02A101F3-C31D-4389-914B-189D85F53659}.Debug|x86.ActiveCfg = Debug|Any CPU
		{02A101F3-C31D-4389-914B-189D85F53659}.Release|Any CPU.ActiveCfg = Release|Any CPU
		{02A101F3-C31D-4389-914B-189D85F53659}.Release|Any CPU.Build.0 = Release|Any CPU
		{02A101F3-C31D-4389-914B-189D85F53659}.Release|Any CPU.Deploy.0 = Release|Any CPU
		{02A101F3-C31D-4389-914B-189D85F53659}.Release|Mixed Platforms.ActiveCfg = Release|Any CPU
		{02A101F3-C31D-4389-914B-189D85F53659}.Release|Mixed Platforms.Build.0 = Release|Any CPU
		{02A101F3-C31D-4389-914B-189D85F53659}.Release|Mixed Platforms.Deploy.0 = Release|Any CPU
		{02A101F3-C31D-4389-914B-189D85F53659}.Release|x86.ActiveCfg = Release|Any CPU
		{82FBC1A8-2DC6-414A-9FA0-46E78FA2124C}.Debug|Any CPU.ActiveCfg = Debug|Any CPU
		{82FBC1A8-2DC6-414A-9FA0-46E78FA2124C}.Debug|Any CPU.Build.0 = Debug|Any CPU
		{82FBC1A8-2DC6-414A-9FA0-46E78FA2124C}.Debug|Any CPU.Deploy.0 = Debug|Any CPU
		{82FBC1A8-2DC6-414A-9FA0-46E78FA2124C}.Debug|Mixed Platforms.ActiveCfg = Debug|Any CPU
		{82FBC1A8-2DC6-414A-9FA0-46E78FA2124C}.Debug|Mixed Platforms.Build.0 = Debug|Any CPU
		{82FBC1A8-2DC6-414A-9FA0-46E78FA2124C}.Debug|Mixed Platforms.Deploy.0 = Debug|Any CPU
		{82FBC1A8-2DC6-414A-9FA0-46E78FA2124C}.Debug|x86.ActiveCfg = Debug|Any CPU
		{82FBC1A8-2DC6-414A-9FA0-46E78FA2124C}.Release|Any CPU.ActiveCfg = Release|Any CPU
		{82FBC1A8-2DC6-414A-9FA0-46E78FA2124C}.Release|Any CPU.Build.0 = Release|Any CPU
		{82FBC1A8-2DC6-414A-9FA0-46E78FA2124C}.Release|Any CPU.Deploy.0 = Release|Any CPU
		{82FBC1A8-2DC6-414A-9FA0-46E78FA2124C}.Release|Mixed Platforms.ActiveCfg = Release|Any CPU
		{82FBC1A8-2DC6-414A-9FA0-46E78FA2124C}.Release|Mixed Platforms.Build.0 = Release|Any CPU
		{82FBC1A8-2DC6-414A-9FA0-46E78FA2124C}.Release|Mixed Platforms.Deploy.0 = Release|Any CPU
		{82FBC1A8-2DC6-414A-9FA0-46E78FA2124C}.Release|x86.ActiveCfg = Release|Any CPU
		{799B9BE5-CB3E-4247-8EC8-1A4536B96E7B}.Debug|Any CPU.ActiveCfg = Debug|Any CPU
		{799B9BE5-CB3E-4247-8EC8-1A4536B96E7B}.Debug|Any CPU.Build.0 = Debug|Any CPU
		{799B9BE5-CB3E-4247-8EC8-1A4536B96E7B}.Debug|Any CPU.Deploy.0 = Debug|Any CPU
		{799B9BE5-CB3E-4247-8EC8-1A4536B96E7B}.Debug|Mixed Platforms.ActiveCfg = Debug|Any CPU
		{799B9BE5-CB3E-4247-8EC8-1A4536B96E7B}.Debug|Mixed Platforms.Build.0 = Debug|Any CPU
		{799B9BE5-CB3E-4247-8EC8-1A4536B96E7B}.Debug|Mixed Platforms.Deploy.0 = Debug|Any CPU
		{799B9BE5-CB3E-4247-8EC8-1A4536B96E7B}.Debug|x86.ActiveCfg = Debug|Any CPU
		{799B9BE5-CB3E-4247-8EC8-1A4536B96E7B}.Release|Any CPU.ActiveCfg = Release|Any CPU
		{799B9BE5-CB3E-4247-8EC8-1A4536B96E7B}.Release|Any CPU.Build.0 = Release|Any CPU
		{799B9BE5-CB3E-4247-8EC8-1A4536B96E7B}.Release|Any CPU.Deploy.0 = Release|Any CPU
		{799B9BE5-CB3E-4247-8EC8-1A4536B96E7B}.Release|Mixed Platforms.ActiveCfg = Release|Any CPU
		{799B9BE5-CB3E-4247-8EC8-1A4536B96E7B}.Release|Mixed Platforms.Build.0 = Release|Any CPU
		{799B9BE5-CB3E-4247-8EC8-1A4536B96E7B}.Release|Mixed Platforms.Deploy.0 = Release|Any CPU
		{799B9BE5-CB3E-4247-8EC8-1A4536B96E7B}.Release|x86.ActiveCfg = Release|Any CPU
		{5AA47ABA-9FB3-4D31-A091-6550ACF2EBA6}.Debug|Any CPU.ActiveCfg = Debug|Any CPU
		{5AA47ABA-9FB3-4D31-A091-6550ACF2EBA6}.Debug|Any CPU.Build.0 = Debug|Any CPU
		{5AA47ABA-9FB3-4D31-A091-6550ACF2EBA6}.Debug|Any CPU.Deploy.0 = Debug|Any CPU
		{5AA47ABA-9FB3-4D31-A091-6550ACF2EBA6}.Debug|Mixed Platforms.ActiveCfg = Debug|Any CPU
		{5AA47ABA-9FB3-4D31-A091-6550ACF2EBA6}.Debug|Mixed Platforms.Build.0 = Debug|Any CPU
		{5AA47ABA-9FB3-4D31-A091-6550ACF2EBA6}.Debug|Mixed Platforms.Deploy.0 = Debug|Any CPU
		{5AA47ABA-9FB3-4D31-A091-6550ACF2EBA6}.Debug|x86.ActiveCfg = Debug|Any CPU
		{5AA47ABA-9FB3-4D31-A091-6550ACF2EBA6}.Release|Any CPU.ActiveCfg = Release|Any CPU
		{5AA47ABA-9FB3-4D31-A091-6550ACF2EBA6}.Release|Any CPU.Build.0 = Release|Any CPU
		{5AA47ABA-9FB3-4D31-A091-6550ACF2EBA6}.Release|Any CPU.Deploy.0 = Release|Any CPU
		{5AA47ABA-9FB3-4D31-A091-6550ACF2EBA6}.Release|Mixed Platforms.ActiveCfg = Release|Any CPU
		{5AA47ABA-9FB3-4D31-A091-6550ACF2EBA6}.Release|Mixed Platforms.Build.0 = Release|Any CPU
		{5AA47ABA-9FB3-4D31-A091-6550ACF2EBA6}.Release|Mixed Platforms.Deploy.0 = Release|Any CPU
		{5AA47ABA-9FB3-4D31-A091-6550ACF2EBA6}.Release|x86.ActiveCfg = Release|Any CPU
		{13A17339-8DA5-4336-A80C-537D57D69DB6}.Debug|Any CPU.ActiveCfg = Debug|Any CPU
		{13A17339-8DA5-4336-A80C-537D57D69DB6}.Debug|Any CPU.Build.0 = Debug|Any CPU
		{13A17339-8DA5-4336-A80C-537D57D69DB6}.Debug|Any CPU.Deploy.0 = Debug|Any CPU
		{13A17339-8DA5-4336-A80C-537D57D69DB6}.Debug|Mixed Platforms.ActiveCfg = Debug|Any CPU
		{13A17339-8DA5-4336-A80C-537D57D69DB6}.Debug|Mixed Platforms.Build.0 = Debug|Any CPU
		{13A17339-8DA5-4336-A80C-537D57D69DB6}.Debug|Mixed Platforms.Deploy.0 = Debug|Any CPU
		{13A17339-8DA5-4336-A80C-537D57D69DB6}.Debug|x86.ActiveCfg = Debug|Any CPU
		{13A17339-8DA5-4336-A80C-537D57D69DB6}.Release|Any CPU.ActiveCfg = Release|Any CPU
		{13A17339-8DA5-4336-A80C-537D57D69DB6}.Release|Any CPU.Build.0 = Release|Any CPU
		{13A17339-8DA5-4336-A80C-537D57D69DB6}.Release|Any CPU.Deploy.0 = Release|Any CPU
		{13A17339-8DA5-4336-A80C-537D57D69DB6}.Release|Mixed Platforms.ActiveCfg = Release|Any CPU
		{13A17339-8DA5-4336-A80C-537D57D69DB6}.Release|Mixed Platforms.Build.0 = Release|Any CPU
		{13A17339-8DA5-4336-A80C-537D57D69DB6}.Release|Mixed Platforms.Deploy.0 = Release|Any CPU
		{13A17339-8DA5-4336-A80C-537D57D69DB6}.Release|x86.ActiveCfg = Release|Any CPU
		{348C5615-093A-482B-8007-5DDA4A3A5CFE}.Debug|Any CPU.ActiveCfg = Debug|Any CPU
		{348C5615-093A-482B-8007-5DDA4A3A5CFE}.Debug|Any CPU.Build.0 = Debug|Any CPU
		{348C5615-093A-482B-8007-5DDA4A3A5CFE}.Debug|Any CPU.Deploy.0 = Debug|Any CPU
		{348C5615-093A-482B-8007-5DDA4A3A5CFE}.Debug|Mixed Platforms.ActiveCfg = Debug|Any CPU
		{348C5615-093A-482B-8007-5DDA4A3A5CFE}.Debug|Mixed Platforms.Build.0 = Debug|Any CPU
		{348C5615-093A-482B-8007-5DDA4A3A5CFE}.Debug|Mixed Platforms.Deploy.0 = Debug|Any CPU
		{348C5615-093A-482B-8007-5DDA4A3A5CFE}.Debug|x86.ActiveCfg = Debug|Any CPU
		{348C5615-093A-482B-8007-5DDA4A3A5CFE}.Release|Any CPU.ActiveCfg = Release|Any CPU
		{348C5615-093A-482B-8007-5DDA4A3A5CFE}.Release|Any CPU.Build.0 = Release|Any CPU
		{348C5615-093A-482B-8007-5DDA4A3A5CFE}.Release|Any CPU.Deploy.0 = Release|Any CPU
		{348C5615-093A-482B-8007-5DDA4A3A5CFE}.Release|Mixed Platforms.ActiveCfg = Release|Any CPU
		{348C5615-093A-482B-8007-5DDA4A3A5CFE}.Release|Mixed Platforms.Build.0 = Release|Any CPU
		{348C5615-093A-482B-8007-5DDA4A3A5CFE}.Release|Mixed Platforms.Deploy.0 = Release|Any CPU
		{348C5615-093A-482B-8007-5DDA4A3A5CFE}.Release|x86.ActiveCfg = Release|Any CPU
		{F9E17208-BAD2-404F-851A-F2DEC2621025}.Debug|Any CPU.ActiveCfg = Debug|Any CPU
		{F9E17208-BAD2-404F-851A-F2DEC2621025}.Debug|Any CPU.Build.0 = Debug|Any CPU
		{F9E17208-BAD2-404F-851A-F2DEC2621025}.Debug|Any CPU.Deploy.0 = Debug|Any CPU
		{F9E17208-BAD2-404F-851A-F2DEC2621025}.Debug|Mixed Platforms.ActiveCfg = Debug|Any CPU
		{F9E17208-BAD2-404F-851A-F2DEC2621025}.Debug|Mixed Platforms.Build.0 = Debug|Any CPU
		{F9E17208-BAD2-404F-851A-F2DEC2621025}.Debug|Mixed Platforms.Deploy.0 = Debug|Any CPU
		{F9E17208-BAD2-404F-851A-F2DEC2621025}.Debug|x86.ActiveCfg = Debug|Any CPU
		{F9E17208-BAD2-404F-851A-F2DEC2621025}.Release|Any CPU.ActiveCfg = Release|Any CPU
		{F9E17208-BAD2-404F-851A-F2DEC2621025}.Release|Any CPU.Build.0 = Release|Any CPU
		{F9E17208-BAD2-404F-851A-F2DEC2621025}.Release|Any CPU.Deploy.0 = Release|Any CPU
		{F9E17208-BAD2-404F-851A-F2DEC2621025}.Release|Mixed Platforms.ActiveCfg = Release|Any CPU
		{F9E17208-BAD2-404F-851A-F2DEC2621025}.Release|Mixed Platforms.Build.0 = Release|Any CPU
		{F9E17208-BAD2-404F-851A-F2DEC2621025}.Release|Mixed Platforms.Deploy.0 = Release|Any CPU
		{F9E17208-BAD2-404F-851A-F2DEC2621025}.Release|x86.ActiveCfg = Release|Any CPU
		{AE030713-F2AD-49FB-8FAB-FA331F97717C}.Debug|Any CPU.ActiveCfg = Debug|Any CPU
		{AE030713-F2AD-49FB-8FAB-FA331F97717C}.Debug|Any CPU.Build.0 = Debug|Any CPU
		{AE030713-F2AD-49FB-8FAB-FA331F97717C}.Debug|Any CPU.Deploy.0 = Debug|Any CPU
		{AE030713-F2AD-49FB-8FAB-FA331F97717C}.Debug|Mixed Platforms.ActiveCfg = Debug|Any CPU
		{AE030713-F2AD-49FB-8FAB-FA331F97717C}.Debug|Mixed Platforms.Build.0 = Debug|Any CPU
		{AE030713-F2AD-49FB-8FAB-FA331F97717C}.Debug|Mixed Platforms.Deploy.0 = Debug|Any CPU
		{AE030713-F2AD-49FB-8FAB-FA331F97717C}.Debug|x86.ActiveCfg = Debug|Any CPU
		{AE030713-F2AD-49FB-8FAB-FA331F97717C}.Release|Any CPU.ActiveCfg = Release|Any CPU
		{AE030713-F2AD-49FB-8FAB-FA331F97717C}.Release|Any CPU.Build.0 = Release|Any CPU
		{AE030713-F2AD-49FB-8FAB-FA331F97717C}.Release|Any CPU.Deploy.0 = Release|Any CPU
		{AE030713-F2AD-49FB-8FAB-FA331F97717C}.Release|Mixed Platforms.ActiveCfg = Release|Any CPU
		{AE030713-F2AD-49FB-8FAB-FA331F97717C}.Release|Mixed Platforms.Build.0 = Release|Any CPU
		{AE030713-F2AD-49FB-8FAB-FA331F97717C}.Release|Mixed Platforms.Deploy.0 = Release|Any CPU
		{AE030713-F2AD-49FB-8FAB-FA331F97717C}.Release|x86.ActiveCfg = Release|Any CPU
		{E55290FF-1921-4929-8E59-137601B4363B}.Debug|Any CPU.ActiveCfg = Debug|Any CPU
		{E55290FF-1921-4929-8E59-137601B4363B}.Debug|Any CPU.Build.0 = Debug|Any CPU
		{E55290FF-1921-4929-8E59-137601B4363B}.Debug|Any CPU.Deploy.0 = Debug|Any CPU
		{E55290FF-1921-4929-8E59-137601B4363B}.Debug|Mixed Platforms.ActiveCfg = Debug|Any CPU
		{E55290FF-1921-4929-8E59-137601B4363B}.Debug|Mixed Platforms.Build.0 = Debug|Any CPU
		{E55290FF-1921-4929-8E59-137601B4363B}.Debug|Mixed Platforms.Deploy.0 = Debug|Any CPU
		{E55290FF-1921-4929-8E59-137601B4363B}.Debug|x86.ActiveCfg = Debug|Any CPU
		{E55290FF-1921-4929-8E59-137601B4363B}.Release|Any CPU.ActiveCfg = Release|Any CPU
		{E55290FF-1921-4929-8E59-137601B4363B}.Release|Any CPU.Build.0 = Release|Any CPU
		{E55290FF-1921-4929-8E59-137601B4363B}.Release|Any CPU.Deploy.0 = Release|Any CPU
		{E55290FF-1921-4929-8E59-137601B4363B}.Release|Mixed Platforms.ActiveCfg = Release|Any CPU
		{E55290FF-1921-4929-8E59-137601B4363B}.Release|Mixed Platforms.Build.0 = Release|Any CPU
		{E55290FF-1921-4929-8E59-137601B4363B}.Release|Mixed Platforms.Deploy.0 = Release|Any CPU
		{E55290FF-1921-4929-8E59-137601B4363B}.Release|x86.ActiveCfg = Release|Any CPU
		{BF08E381-938F-44CF-A9AA-665E69F81144}.Debug|Any CPU.ActiveCfg = Debug|Any CPU
		{BF08E381-938F-44CF-A9AA-665E69F81144}.Debug|Any CPU.Build.0 = Debug|Any CPU
		{BF08E381-938F-44CF-A9AA-665E69F81144}.Debug|Any CPU.Deploy.0 = Debug|Any CPU
		{BF08E381-938F-44CF-A9AA-665E69F81144}.Debug|Mixed Platforms.ActiveCfg = Debug|Any CPU
		{BF08E381-938F-44CF-A9AA-665E69F81144}.Debug|Mixed Platforms.Build.0 = Debug|Any CPU
		{BF08E381-938F-44CF-A9AA-665E69F81144}.Debug|Mixed Platforms.Deploy.0 = Debug|Any CPU
		{BF08E381-938F-44CF-A9AA-665E69F81144}.Debug|x86.ActiveCfg = Debug|Any CPU
		{BF08E381-938F-44CF-A9AA-665E69F81144}.Release|Any CPU.ActiveCfg = Release|Any CPU
		{BF08E381-938F-44CF-A9AA-665E69F81144}.Release|Any CPU.Build.0 = Release|Any CPU
		{BF08E381-938F-44CF-A9AA-665E69F81144}.Release|Any CPU.Deploy.0 = Release|Any CPU
		{BF08E381-938F-44CF-A9AA-665E69F81144}.Release|Mixed Platforms.ActiveCfg = Release|Any CPU
		{BF08E381-938F-44CF-A9AA-665E69F81144}.Release|Mixed Platforms.Build.0 = Release|Any CPU
		{BF08E381-938F-44CF-A9AA-665E69F81144}.Release|Mixed Platforms.Deploy.0 = Release|Any CPU
		{BF08E381-938F-44CF-A9AA-665E69F81144}.Release|x86.ActiveCfg = Release|Any CPU
		{6AA3005B-2DCC-412C-8258-633557FAF6C5}.Debug|Any CPU.ActiveCfg = Debug|Any CPU
		{6AA3005B-2DCC-412C-8258-633557FAF6C5}.Debug|Any CPU.Build.0 = Debug|Any CPU
		{6AA3005B-2DCC-412C-8258-633557FAF6C5}.Debug|Any CPU.Deploy.0 = Debug|Any CPU
		{6AA3005B-2DCC-412C-8258-633557FAF6C5}.Debug|Mixed Platforms.ActiveCfg = Debug|Any CPU
		{6AA3005B-2DCC-412C-8258-633557FAF6C5}.Debug|Mixed Platforms.Build.0 = Debug|Any CPU
		{6AA3005B-2DCC-412C-8258-633557FAF6C5}.Debug|Mixed Platforms.Deploy.0 = Debug|Any CPU
		{6AA3005B-2DCC-412C-8258-633557FAF6C5}.Debug|x86.ActiveCfg = Debug|Any CPU
		{6AA3005B-2DCC-412C-8258-633557FAF6C5}.Release|Any CPU.ActiveCfg = Release|Any CPU
		{6AA3005B-2DCC-412C-8258-633557FAF6C5}.Release|Any CPU.Build.0 = Release|Any CPU
		{6AA3005B-2DCC-412C-8258-633557FAF6C5}.Release|Any CPU.Deploy.0 = Release|Any CPU
		{6AA3005B-2DCC-412C-8258-633557FAF6C5}.Release|Mixed Platforms.ActiveCfg = Release|Any CPU
		{6AA3005B-2DCC-412C-8258-633557FAF6C5}.Release|Mixed Platforms.Build.0 = Release|Any CPU
		{6AA3005B-2DCC-412C-8258-633557FAF6C5}.Release|Mixed Platforms.Deploy.0 = Release|Any CPU
		{6AA3005B-2DCC-412C-8258-633557FAF6C5}.Release|x86.ActiveCfg = Release|Any CPU
		{56CD798A-2DA4-4CA7-B2DA-61F98F2BB6A1}.Debug|Any CPU.ActiveCfg = Debug|Any CPU
		{56CD798A-2DA4-4CA7-B2DA-61F98F2BB6A1}.Debug|Any CPU.Build.0 = Debug|Any CPU
		{56CD798A-2DA4-4CA7-B2DA-61F98F2BB6A1}.Debug|Any CPU.Deploy.0 = Debug|Any CPU
		{56CD798A-2DA4-4CA7-B2DA-61F98F2BB6A1}.Debug|Mixed Platforms.ActiveCfg = Debug|Any CPU
		{56CD798A-2DA4-4CA7-B2DA-61F98F2BB6A1}.Debug|Mixed Platforms.Build.0 = Debug|Any CPU
		{56CD798A-2DA4-4CA7-B2DA-61F98F2BB6A1}.Debug|Mixed Platforms.Deploy.0 = Debug|Any CPU
		{56CD798A-2DA4-4CA7-B2DA-61F98F2BB6A1}.Debug|x86.ActiveCfg = Debug|Any CPU
		{56CD798A-2DA4-4CA7-B2DA-61F98F2BB6A1}.Release|Any CPU.ActiveCfg = Release|Any CPU
		{56CD798A-2DA4-4CA7-B2DA-61F98F2BB6A1}.Release|Any CPU.Build.0 = Release|Any CPU
		{56CD798A-2DA4-4CA7-B2DA-61F98F2BB6A1}.Release|Any CPU.Deploy.0 = Release|Any CPU
		{56CD798A-2DA4-4CA7-B2DA-61F98F2BB6A1}.Release|Mixed Platforms.ActiveCfg = Release|Any CPU
		{56CD798A-2DA4-4CA7-B2DA-61F98F2BB6A1}.Release|Mixed Platforms.Build.0 = Release|Any CPU
		{56CD798A-2DA4-4CA7-B2DA-61F98F2BB6A1}.Release|Mixed Platforms.Deploy.0 = Release|Any CPU
		{56CD798A-2DA4-4CA7-B2DA-61F98F2BB6A1}.Release|x86.ActiveCfg = Release|Any CPU
		{A3E227EF-F20C-4FEA-BCB7-A70E3F1596A4}.Debug|Any CPU.ActiveCfg = Debug|Any CPU
		{A3E227EF-F20C-4FEA-BCB7-A70E3F1596A4}.Debug|Any CPU.Build.0 = Debug|Any CPU
		{A3E227EF-F20C-4FEA-BCB7-A70E3F1596A4}.Debug|Any CPU.Deploy.0 = Debug|Any CPU
		{A3E227EF-F20C-4FEA-BCB7-A70E3F1596A4}.Debug|Mixed Platforms.ActiveCfg = Debug|Any CPU
		{A3E227EF-F20C-4FEA-BCB7-A70E3F1596A4}.Debug|Mixed Platforms.Build.0 = Debug|Any CPU
		{A3E227EF-F20C-4FEA-BCB7-A70E3F1596A4}.Debug|Mixed Platforms.Deploy.0 = Debug|Any CPU
		{A3E227EF-F20C-4FEA-BCB7-A70E3F1596A4}.Debug|x86.ActiveCfg = Debug|Any CPU
		{A3E227EF-F20C-4FEA-BCB7-A70E3F1596A4}.Release|Any CPU.ActiveCfg = Release|Any CPU
		{A3E227EF-F20C-4FEA-BCB7-A70E3F1596A4}.Release|Any CPU.Build.0 = Release|Any CPU
		{A3E227EF-F20C-4FEA-BCB7-A70E3F1596A4}.Release|Any CPU.Deploy.0 = Release|Any CPU
		{A3E227EF-F20C-4FEA-BCB7-A70E3F1596A4}.Release|Mixed Platforms.ActiveCfg = Release|Any CPU
		{A3E227EF-F20C-4FEA-BCB7-A70E3F1596A4}.Release|Mixed Platforms.Build.0 = Release|Any CPU
		{A3E227EF-F20C-4FEA-BCB7-A70E3F1596A4}.Release|Mixed Platforms.Deploy.0 = Release|Any CPU
		{A3E227EF-F20C-4FEA-BCB7-A70E3F1596A4}.Release|x86.ActiveCfg = Release|Any CPU
		{5E3E03A4-FFEB-4461-9A23-0E37A448E41C}.Debug|Any CPU.ActiveCfg = Debug|Any CPU
		{5E3E03A4-FFEB-4461-9A23-0E37A448E41C}.Debug|Any CPU.Build.0 = Debug|Any CPU
		{5E3E03A4-FFEB-4461-9A23-0E37A448E41C}.Debug|Any CPU.Deploy.0 = Debug|Any CPU
		{5E3E03A4-FFEB-4461-9A23-0E37A448E41C}.Debug|Mixed Platforms.ActiveCfg = Debug|Any CPU
		{5E3E03A4-FFEB-4461-9A23-0E37A448E41C}.Debug|Mixed Platforms.Build.0 = Debug|Any CPU
		{5E3E03A4-FFEB-4461-9A23-0E37A448E41C}.Debug|Mixed Platforms.Deploy.0 = Debug|Any CPU
		{5E3E03A4-FFEB-4461-9A23-0E37A448E41C}.Debug|x86.ActiveCfg = Debug|Any CPU
		{5E3E03A4-FFEB-4461-9A23-0E37A448E41C}.Release|Any CPU.ActiveCfg = Release|Any CPU
		{5E3E03A4-FFEB-4461-9A23-0E37A448E41C}.Release|Any CPU.Build.0 = Release|Any CPU
		{5E3E03A4-FFEB-4461-9A23-0E37A448E41C}.Release|Any CPU.Deploy.0 = Release|Any CPU
		{5E3E03A4-FFEB-4461-9A23-0E37A448E41C}.Release|Mixed Platforms.ActiveCfg = Release|Any CPU
		{5E3E03A4-FFEB-4461-9A23-0E37A448E41C}.Release|Mixed Platforms.Build.0 = Release|Any CPU
		{5E3E03A4-FFEB-4461-9A23-0E37A448E41C}.Release|Mixed Platforms.Deploy.0 = Release|Any CPU
		{5E3E03A4-FFEB-4461-9A23-0E37A448E41C}.Release|x86.ActiveCfg = Release|Any CPU
		{9E181DBC-DD28-46E3-B4DA-6696F1EDAB12}.Debug|Any CPU.ActiveCfg = Debug|Any CPU
		{9E181DBC-DD28-46E3-B4DA-6696F1EDAB12}.Debug|Any CPU.Build.0 = Debug|Any CPU
		{9E181DBC-DD28-46E3-B4DA-6696F1EDAB12}.Debug|Any CPU.Deploy.0 = Debug|Any CPU
		{9E181DBC-DD28-46E3-B4DA-6696F1EDAB12}.Debug|Mixed Platforms.ActiveCfg = Debug|Any CPU
		{9E181DBC-DD28-46E3-B4DA-6696F1EDAB12}.Debug|Mixed Platforms.Build.0 = Debug|Any CPU
		{9E181DBC-DD28-46E3-B4DA-6696F1EDAB12}.Debug|Mixed Platforms.Deploy.0 = Debug|Any CPU
		{9E181DBC-DD28-46E3-B4DA-6696F1EDAB12}.Debug|x86.ActiveCfg = Debug|Any CPU
		{9E181DBC-DD28-46E3-B4DA-6696F1EDAB12}.Release|Any CPU.ActiveCfg = Release|Any CPU
		{9E181DBC-DD28-46E3-B4DA-6696F1EDAB12}.Release|Any CPU.Build.0 = Release|Any CPU
		{9E181DBC-DD28-46E3-B4DA-6696F1EDAB12}.Release|Any CPU.Deploy.0 = Release|Any CPU
		{9E181DBC-DD28-46E3-B4DA-6696F1EDAB12}.Release|Mixed Platforms.ActiveCfg = Release|Any CPU
		{9E181DBC-DD28-46E3-B4DA-6696F1EDAB12}.Release|Mixed Platforms.Build.0 = Release|Any CPU
		{9E181DBC-DD28-46E3-B4DA-6696F1EDAB12}.Release|Mixed Platforms.Deploy.0 = Release|Any CPU
		{9E181DBC-DD28-46E3-B4DA-6696F1EDAB12}.Release|x86.ActiveCfg = Release|Any CPU
		{878D49F7-E4A0-44C0-8E9F-1DF781223EBB}.Debug|Any CPU.ActiveCfg = Debug|Any CPU
		{878D49F7-E4A0-44C0-8E9F-1DF781223EBB}.Debug|Any CPU.Build.0 = Debug|Any CPU
		{878D49F7-E4A0-44C0-8E9F-1DF781223EBB}.Debug|Any CPU.Deploy.0 = Debug|Any CPU
		{878D49F7-E4A0-44C0-8E9F-1DF781223EBB}.Debug|Mixed Platforms.ActiveCfg = Debug|Any CPU
		{878D49F7-E4A0-44C0-8E9F-1DF781223EBB}.Debug|Mixed Platforms.Build.0 = Debug|Any CPU
		{878D49F7-E4A0-44C0-8E9F-1DF781223EBB}.Debug|Mixed Platforms.Deploy.0 = Debug|Any CPU
		{878D49F7-E4A0-44C0-8E9F-1DF781223EBB}.Debug|x86.ActiveCfg = Debug|Any CPU
		{878D49F7-E4A0-44C0-8E9F-1DF781223EBB}.Release|Any CPU.ActiveCfg = Release|Any CPU
		{878D49F7-E4A0-44C0-8E9F-1DF781223EBB}.Release|Any CPU.Build.0 = Release|Any CPU
		{878D49F7-E4A0-44C0-8E9F-1DF781223EBB}.Release|Any CPU.Deploy.0 = Release|Any CPU
		{878D49F7-E4A0-44C0-8E9F-1DF781223EBB}.Release|Mixed Platforms.ActiveCfg = Release|Any CPU
		{878D49F7-E4A0-44C0-8E9F-1DF781223EBB}.Release|Mixed Platforms.Build.0 = Release|Any CPU
		{878D49F7-E4A0-44C0-8E9F-1DF781223EBB}.Release|Mixed Platforms.Deploy.0 = Release|Any CPU
		{878D49F7-E4A0-44C0-8E9F-1DF781223EBB}.Release|x86.ActiveCfg = Release|Any CPU
		{9BF42758-1FEE-4A51-9523-4DE2A3D4990E}.Debug|Any CPU.ActiveCfg = Debug|Any CPU
		{9BF42758-1FEE-4A51-9523-4DE2A3D4990E}.Debug|Any CPU.Build.0 = Debug|Any CPU
		{9BF42758-1FEE-4A51-9523-4DE2A3D4990E}.Debug|Any CPU.Deploy.0 = Debug|Any CPU
		{9BF42758-1FEE-4A51-9523-4DE2A3D4990E}.Debug|Mixed Platforms.ActiveCfg = Debug|Any CPU
		{9BF42758-1FEE-4A51-9523-4DE2A3D4990E}.Debug|Mixed Platforms.Build.0 = Debug|Any CPU
		{9BF42758-1FEE-4A51-9523-4DE2A3D4990E}.Debug|Mixed Platforms.Deploy.0 = Debug|Any CPU
		{9BF42758-1FEE-4A51-9523-4DE2A3D4990E}.Debug|x86.ActiveCfg = Debug|Any CPU
		{9BF42758-1FEE-4A51-9523-4DE2A3D4990E}.Release|Any CPU.ActiveCfg = Release|Any CPU
		{9BF42758-1FEE-4A51-9523-4DE2A3D4990E}.Release|Any CPU.Build.0 = Release|Any CPU
		{9BF42758-1FEE-4A51-9523-4DE2A3D4990E}.Release|Any CPU.Deploy.0 = Release|Any CPU
		{9BF42758-1FEE-4A51-9523-4DE2A3D4990E}.Release|Mixed Platforms.ActiveCfg = Release|Any CPU
		{9BF42758-1FEE-4A51-9523-4DE2A3D4990E}.Release|Mixed Platforms.Build.0 = Release|Any CPU
		{9BF42758-1FEE-4A51-9523-4DE2A3D4990E}.Release|Mixed Platforms.Deploy.0 = Release|Any CPU
		{9BF42758-1FEE-4A51-9523-4DE2A3D4990E}.Release|x86.ActiveCfg = Release|Any CPU
		{18B0A748-71D9-4EBC-92D5-E853E903077A}.Debug|Any CPU.ActiveCfg = Debug|x86
		{18B0A748-71D9-4EBC-92D5-E853E903077A}.Debug|Mixed Platforms.ActiveCfg = Debug|x86
		{18B0A748-71D9-4EBC-92D5-E853E903077A}.Debug|Mixed Platforms.Build.0 = Debug|x86
		{18B0A748-71D9-4EBC-92D5-E853E903077A}.Debug|x86.ActiveCfg = Debug|x86
		{18B0A748-71D9-4EBC-92D5-E853E903077A}.Debug|x86.Build.0 = Debug|x86
		{18B0A748-71D9-4EBC-92D5-E853E903077A}.Release|Any CPU.ActiveCfg = Release|x86
		{18B0A748-71D9-4EBC-92D5-E853E903077A}.Release|Mixed Platforms.ActiveCfg = Release|x86
		{18B0A748-71D9-4EBC-92D5-E853E903077A}.Release|Mixed Platforms.Build.0 = Release|x86
		{18B0A748-71D9-4EBC-92D5-E853E903077A}.Release|x86.ActiveCfg = Release|x86
		{18B0A748-71D9-4EBC-92D5-E853E903077A}.Release|x86.Build.0 = Release|x86
		{FB7DC3A5-75CD-41D0-BDE2-0549A8AD68BE}.Debug|Any CPU.ActiveCfg = Debug|Any CPU
		{FB7DC3A5-75CD-41D0-BDE2-0549A8AD68BE}.Debug|Any CPU.Build.0 = Debug|Any CPU
		{FB7DC3A5-75CD-41D0-BDE2-0549A8AD68BE}.Debug|Any CPU.Deploy.0 = Debug|Any CPU
		{FB7DC3A5-75CD-41D0-BDE2-0549A8AD68BE}.Debug|Mixed Platforms.ActiveCfg = Debug|Any CPU
		{FB7DC3A5-75CD-41D0-BDE2-0549A8AD68BE}.Debug|Mixed Platforms.Build.0 = Debug|Any CPU
		{FB7DC3A5-75CD-41D0-BDE2-0549A8AD68BE}.Debug|Mixed Platforms.Deploy.0 = Debug|Any CPU
		{FB7DC3A5-75CD-41D0-BDE2-0549A8AD68BE}.Debug|x86.ActiveCfg = Debug|Any CPU
		{FB7DC3A5-75CD-41D0-BDE2-0549A8AD68BE}.Release|Any CPU.ActiveCfg = Release|Any CPU
		{FB7DC3A5-75CD-41D0-BDE2-0549A8AD68BE}.Release|Any CPU.Build.0 = Release|Any CPU
		{FB7DC3A5-75CD-41D0-BDE2-0549A8AD68BE}.Release|Any CPU.Deploy.0 = Release|Any CPU
		{FB7DC3A5-75CD-41D0-BDE2-0549A8AD68BE}.Release|Mixed Platforms.ActiveCfg = Release|Any CPU
		{FB7DC3A5-75CD-41D0-BDE2-0549A8AD68BE}.Release|Mixed Platforms.Build.0 = Release|Any CPU
		{FB7DC3A5-75CD-41D0-BDE2-0549A8AD68BE}.Release|Mixed Platforms.Deploy.0 = Release|Any CPU
		{FB7DC3A5-75CD-41D0-BDE2-0549A8AD68BE}.Release|x86.ActiveCfg = Release|Any CPU
	EndGlobalSection
	GlobalSection(SolutionProperties) = preSolution
		HideSolutionNode = FALSE
	EndGlobalSection
	GlobalSection(NestedProjects) = preSolution
		{18B0A748-71D9-4EBC-92D5-E853E903077A} = {7C662AD6-88E7-4B8F-98AD-83307D321A38}
	EndGlobalSection
EndGlobal
